
Microsoft Visual Studio Solution File, Format Version 12.00
# Visual Studio Version 17
VisualStudioVersion = 17.8.34511.84
MinimumVisualStudioVersion = 10.0.40219.1
Project("{9A19103F-16F7-4668-BE54-9A1E7A4F7556}") = "Book7.4", "Book7.4.csproj", "{300F904B-2B14-4940-BDA1-854416EC54CE}"
EndProject
Global
	GlobalSection(SolutionConfigurationPlatforms) = preSolution
		Debug|Any CPU = Debug|Any CPU
		Release|Any CPU = Release|Any CPU
	EndGlobalSection
	GlobalSection(ProjectConfigurationPlatforms) = postSolution
		{300F904B-2B14-4940-BDA1-854416EC54CE}.Debug|Any CPU.ActiveCfg = Debug|Any CPU
		{300F904B-2B14-4940-BDA1-854416EC54CE}.Debug|Any CPU.Build.0 = Debug|Any CPU
		{300F904B-2B14-4940-BDA1-854416EC54CE}.Release|Any CPU.ActiveCfg = Release|Any CPU
		{300F904B-2B14-4940-BDA1-854416EC54CE}.Release|Any CPU.Build.0 = Release|Any CPU
	EndGlobalSection
	GlobalSection(SolutionProperties) = preSolution
		HideSolutionNode = FALSE
	EndGlobalSection
	GlobalSection(ExtensibilityGlobals) = postSolution
		SolutionGuid = {3C0342AF-70DE-4DE2-A86B-CABD44E16E30}
	EndGlobalSection
EndGlobal
