
Microsoft Visual Studio Solution File, Format Version 12.00
# Visual Studio Version 17
VisualStudioVersion = 17.8.34511.84
MinimumVisualStudioVersion = 10.0.40219.1
Project("{FAE04EC0-301F-11D3-BF4B-00C04F79EFBC}") = "CoffeeApp", "CoffeeApp\CoffeeApp.csproj", "{04ABC316-A455-4C5D-9B85-4DE8F8EE56B5}"
EndProject
Global
	GlobalSection(SolutionConfigurationPlatforms) = preSolution
		Debug|Any CPU = Debug|Any CPU
		Release|Any CPU = Release|Any CPU
	EndGlobalSection
	GlobalSection(ProjectConfigurationPlatforms) = postSolution
		{04ABC316-A455-4C5D-9B85-4DE8F8EE56B5}.Debug|Any CPU.ActiveCfg = Debug|Any CPU
		{04ABC316-A455-4C5D-9B85-4DE8F8EE56B5}.Debug|Any CPU.Build.0 = Debug|Any CPU
		{04ABC316-A455-4C5D-9B85-4DE8F8EE56B5}.Release|Any CPU.ActiveCfg = Release|Any CPU
		{04ABC316-A455-4C5D-9B85-4DE8F8EE56B5}.Release|Any CPU.Build.0 = Release|Any CPU
	EndGlobalSection
	GlobalSection(SolutionProperties) = preSolution
		HideSolutionNode = FALSE
	EndGlobalSection
	GlobalSection(ExtensibilityGlobals) = postSolution
		SolutionGuid = {CD116E0C-A11A-4ACF-AE65-2245C6C5BB96}
	EndGlobalSection
EndGlobal
