
Microsoft Visual Studio Solution File, Format Version 12.00
# Visual Studio Version 17
VisualStudioVersion = 17.9.34701.34
MinimumVisualStudioVersion = 10.0.40219.1
Project("{FAE04EC0-301F-11D3-BF4B-00C04F79EFBC}") = "Prob14.1", "Prob14.1\Prob14.1.csproj", "{94A24B02-EACE-494F-86AF-2D49EE420DDF}"
EndProject
Global
	GlobalSection(SolutionConfigurationPlatforms) = preSolution
		Debug|Any CPU = Debug|Any CPU
		Release|Any CPU = Release|Any CPU
	EndGlobalSection
	GlobalSection(ProjectConfigurationPlatforms) = postSolution
		{94A24B02-EACE-494F-86AF-2D49EE420DDF}.Debug|Any CPU.ActiveCfg = Debug|Any CPU
		{94A24B02-EACE-494F-86AF-2D49EE420DDF}.Debug|Any CPU.Build.0 = Debug|Any CPU
		{94A24B02-EACE-494F-86AF-2D49EE420DDF}.Release|Any CPU.ActiveCfg = Release|Any CPU
		{94A24B02-EACE-494F-86AF-2D49EE420DDF}.Release|Any CPU.Build.0 = Release|Any CPU
	EndGlobalSection
	GlobalSection(SolutionProperties) = preSolution
		HideSolutionNode = FALSE
	EndGlobalSection
	GlobalSection(ExtensibilityGlobals) = postSolution
		SolutionGuid = {F9F4B7D7-ABD4-4663-8B45-BDE03A10F608}
	EndGlobalSection
EndGlobal
