
Microsoft Visual Studio Solution File, Format Version 12.00
# Visual Studio Version 17
VisualStudioVersion = 17.8.34511.84
MinimumVisualStudioVersion = 10.0.40219.1
Project("{FAE04EC0-301F-11D3-BF4B-00C04F79EFBC}") = "BlankForm", "BlankForm\BlankForm.csproj", "{FB6B5B63-4A13-476D-A8A7-05A5E116DD60}"
EndProject
Global
	GlobalSection(SolutionConfigurationPlatforms) = preSolution
		Debug|Any CPU = Debug|Any CPU
		Release|Any CPU = Release|Any CPU
	EndGlobalSection
	GlobalSection(ProjectConfigurationPlatforms) = postSolution
		{FB6B5B63-4A13-476D-A8A7-05A5E116DD60}.Debug|Any CPU.ActiveCfg = Debug|Any CPU
		{FB6B5B63-4A13-476D-A8A7-05A5E116DD60}.Debug|Any CPU.Build.0 = Debug|Any CPU
		{FB6B5B63-4A13-476D-A8A7-05A5E116DD60}.Release|Any CPU.ActiveCfg = Release|Any CPU
		{FB6B5B63-4A13-476D-A8A7-05A5E116DD60}.Release|Any CPU.Build.0 = Release|Any CPU
	EndGlobalSection
	GlobalSection(SolutionProperties) = preSolution
		HideSolutionNode = FALSE
	EndGlobalSection
	GlobalSection(ExtensibilityGlobals) = postSolution
		SolutionGuid = {80011200-D17E-4364-A37D-CBABA0A173E6}
	EndGlobalSection
EndGlobal
