
Microsoft Visual Studio Solution File, Format Version 12.00
# Visual Studio Version 17
VisualStudioVersion = 17.8.34511.84
MinimumVisualStudioVersion = 10.0.40219.1
Project("{FAE04EC0-301F-11D3-BF4B-00C04F79EFBC}") = "Programming1BMI", "Programming1BMI\Programming1BMI.csproj", "{7BA06C54-2F63-4E13-B2C1-5C7C7E1FD924}"
EndProject
Project("{FAE04EC0-301F-11D3-BF4B-00C04F79EFBC}") = "Prob13.1", "Prob13.1\Prob13.1.csproj", "{EB0B6F42-8CF6-4313-907F-5DC7AAC292A6}"
EndProject
Project("{FAE04EC0-301F-11D3-BF4B-00C04F79EFBC}") = "Prob14.5", "Prob14.5\Prob14.5.csproj", "{8D7329F4-E2C7-44C1-95BC-B3216161714E}"
EndProject
Project("{FAE04EC0-301F-11D3-BF4B-00C04F79EFBC}") = "Prob13.4", "Prob13.4\Prob13.4.csproj", "{26720B06-EF88-4D13-8EEF-9781F57159D4}"
EndProject
Global
	GlobalSection(SolutionConfigurationPlatforms) = preSolution
		Debug|Any CPU = Debug|Any CPU
		Release|Any CPU = Release|Any CPU
	EndGlobalSection
	GlobalSection(ProjectConfigurationPlatforms) = postSolution
		{7BA06C54-2F63-4E13-B2C1-5C7C7E1FD924}.Debug|Any CPU.ActiveCfg = Debug|Any CPU
		{7BA06C54-2F63-4E13-B2C1-5C7C7E1FD924}.Debug|Any CPU.Build.0 = Debug|Any CPU
		{7BA06C54-2F63-4E13-B2C1-5C7C7E1FD924}.Release|Any CPU.ActiveCfg = Release|Any CPU
		{7BA06C54-2F63-4E13-B2C1-5C7C7E1FD924}.Release|Any CPU.Build.0 = Release|Any CPU
		{EB0B6F42-8CF6-4313-907F-5DC7AAC292A6}.Debug|Any CPU.ActiveCfg = Debug|Any CPU
		{EB0B6F42-8CF6-4313-907F-5DC7AAC292A6}.Debug|Any CPU.Build.0 = Debug|Any CPU
		{EB0B6F42-8CF6-4313-907F-5DC7AAC292A6}.Release|Any CPU.ActiveCfg = Release|Any CPU
		{EB0B6F42-8CF6-4313-907F-5DC7AAC292A6}.Release|Any CPU.Build.0 = Release|Any CPU
		{8D7329F4-E2C7-44C1-95BC-B3216161714E}.Debug|Any CPU.ActiveCfg = Debug|Any CPU
		{8D7329F4-E2C7-44C1-95BC-B3216161714E}.Debug|Any CPU.Build.0 = Debug|Any CPU
		{8D7329F4-E2C7-44C1-95BC-B3216161714E}.Release|Any CPU.ActiveCfg = Release|Any CPU
		{8D7329F4-E2C7-44C1-95BC-B3216161714E}.Release|Any CPU.Build.0 = Release|Any CPU
		{26720B06-EF88-4D13-8EEF-9781F57159D4}.Debug|Any CPU.ActiveCfg = Debug|Any CPU
		{26720B06-EF88-4D13-8EEF-9781F57159D4}.Debug|Any CPU.Build.0 = Debug|Any CPU
		{26720B06-EF88-4D13-8EEF-9781F57159D4}.Release|Any CPU.ActiveCfg = Release|Any CPU
		{26720B06-EF88-4D13-8EEF-9781F57159D4}.Release|Any CPU.Build.0 = Release|Any CPU
	EndGlobalSection
	GlobalSection(SolutionProperties) = preSolution
		HideSolutionNode = FALSE
	EndGlobalSection
	GlobalSection(ExtensibilityGlobals) = postSolution
		SolutionGuid = {8DF35C3C-DDA5-49C4-9F72-8E616E41D276}
	EndGlobalSection
EndGlobal
