
Microsoft Visual Studio Solution File, Format Version 12.00
# Visual Studio Version 17
VisualStudioVersion = 17.8.34511.84
MinimumVisualStudioVersion = 10.0.40219.1
Project("{FAE04EC0-301F-11D3-BF4B-00C04F79EFBC}") = "ConsBMI", "ConsBMI\ConsBMI.csproj", "{158FE638-1019-425B-BCE6-4FD147D67E69}"
EndProject
Project("{FAE04EC0-301F-11D3-BF4B-00C04F79EFBC}") = "GUIBMI", "..\..\..\..\CS 392 HW2 BMU Calculator\CS 392 HW2 BMU Calculator\GUIBMI.csproj", "{02FC524E-2135-40E1-BA7B-526CDBBF338C}"
EndProject
Global
	GlobalSection(SolutionConfigurationPlatforms) = preSolution
		Debug|Any CPU = Debug|Any CPU
		Release|Any CPU = Release|Any CPU
	EndGlobalSection
	GlobalSection(ProjectConfigurationPlatforms) = postSolution
		{158FE638-1019-425B-BCE6-4FD147D67E69}.Debug|Any CPU.ActiveCfg = Debug|Any CPU
		{158FE638-1019-425B-BCE6-4FD147D67E69}.Debug|Any CPU.Build.0 = Debug|Any CPU
		{158FE638-1019-425B-BCE6-4FD147D67E69}.Release|Any CPU.ActiveCfg = Release|Any CPU
		{158FE638-1019-425B-BCE6-4FD147D67E69}.Release|Any CPU.Build.0 = Release|Any CPU
		{02FC524E-2135-40E1-BA7B-526CDBBF338C}.Debug|Any CPU.ActiveCfg = Debug|Any CPU
		{02FC524E-2135-40E1-BA7B-526CDBBF338C}.Debug|Any CPU.Build.0 = Debug|Any CPU
		{02FC524E-2135-40E1-BA7B-526CDBBF338C}.Release|Any CPU.ActiveCfg = Release|Any CPU
		{02FC524E-2135-40E1-BA7B-526CDBBF338C}.Release|Any CPU.Build.0 = Release|Any CPU
	EndGlobalSection
	GlobalSection(SolutionProperties) = preSolution
		HideSolutionNode = FALSE
	EndGlobalSection
	GlobalSection(ExtensibilityGlobals) = postSolution
		SolutionGuid = {CE46ED86-D0EE-4E55-94AF-FA7F4DF3AC67}
	EndGlobalSection
EndGlobal
